
Microsoft Visual Studio Solution File, Format Version 12.00
# Visual Studio Version 17
VisualStudioVersion = 17.8.34511.84
MinimumVisualStudioVersion = 10.0.40219.1
Project("{FAE04EC0-301F-11D3-BF4B-00C04F79EFBC}") = "Ex5TargetSistemas", "Ex5TargetSistemas\Ex5TargetSistemas.csproj", "{6251C608-F308-42AC-8B2D-CFF855EA9721}"
EndProject
Global
	GlobalSection(SolutionConfigurationPlatforms) = preSolution
		Debug|Any CPU = Debug|Any CPU
		Release|Any CPU = Release|Any CPU
	EndGlobalSection
	GlobalSection(ProjectConfigurationPlatforms) = postSolution
		{6251C608-F308-42AC-8B2D-CFF855EA9721}.Debug|Any CPU.ActiveCfg = Debug|Any CPU
		{6251C608-F308-42AC-8B2D-CFF855EA9721}.Debug|Any CPU.Build.0 = Debug|Any CPU
		{6251C608-F308-42AC-8B2D-CFF855EA9721}.Release|Any CPU.ActiveCfg = Release|Any CPU
		{6251C608-F308-42AC-8B2D-CFF855EA9721}.Release|Any CPU.Build.0 = Release|Any CPU
	EndGlobalSection
	GlobalSection(SolutionProperties) = preSolution
		HideSolutionNode = FALSE
	EndGlobalSection
	GlobalSection(ExtensibilityGlobals) = postSolution
		SolutionGuid = {EF155122-A9EA-4B72-94DD-ACCF3BDDD943}
	EndGlobalSection
EndGlobal
